[[package]]
name = "pync"
version = "2.0.3"
description = "Python Wrapper for Mac OS 10.10 Notification Center"
category = "main"
optional = false
python-versions = "*"

[package.dependencies]
python-dateutil = ">=2.0"

[[package]]
name = "pyobjc-core"
version = "6.2.2"
description = "Python<->ObjC Interoperability Module"
category = "main"
optional = false
python-versions = ">=3.6"

[[package]]
name = "pyobjc-framework-cocoa"
version = "6.2.2"
description = "Wrappers for the Cocoa frameworks on macOS"
category = "main"
optional = false
python-versions = ">=3.6"

[package.dependencies]
pyobjc-core = ">=6.2.2"

[[package]]
name = "python-dateutil"
version = "2.8.1"
description = "Extensions to the standard Python datetime module"
category = "main"
optional = false
python-versions = "!=3.0.*,!=3.1.*,!=3.2.*,>=2.7"

[package.dependencies]
six = ">=1.5"

[[package]]
name = "rumps"
version = "0.3.0"
description = "Ridiculously Uncomplicated MacOS Python Statusbar apps."
category = "main"
optional = false
python-versions = "*"

[package.dependencies]
pyobjc-framework-Cocoa = "*"

[[package]]
name = "schedule"
version = "0.1.10"
description = ""
category = "main"
optional = false
python-versions = "*"

[package.source]
url = "https://github.com/mrhwick/schedule.git"
reference = "49dfca3596b2b9af9e395e8f18f39b3443303c15"
type = "git"

[[package]]
name = "six"
version = "1.15.0"
description = "Python 2 and 3 compatibility utilities"
category = "main"
optional = false
python-versions = ">=2.7, !=3.0.*, !=3.1.*, !=3.2.*"

[metadata]
lock-version = "1.0"
python-versions = "^3.8"
content-hash = "18110b1dad6720fe417bbe470695afa0615ccdf00b8db4a2d9f2d825444bb24f"

[metadata.files]
pync = [
    {file = "pync-2.0.3.tar.gz", hash = "sha256:38b9e61735a3161f9211a5773c5f5ea698f36af4ff7f77fa03e8d1ff0caa117f"},
]
pyobjc-core = [
    {file = "pyobjc-core-6.2.2.tar.gz", hash = "sha256:38e7b15a042439dadd18b28b78229e52fb882460fc16ddbae342b9972d5a827c"},
    {file = "pyobjc_core-6.2.2-cp36-cp36m-macosx_10_9_x86_64.whl", hash = "sha256:73938398559b718595076fce4921022f21983dd85ebace3ecbe6182697abe164"},
    {file = "pyobjc_core-6.2.2-cp37-cp37m-macosx_10_9_x86_64.whl", hash = "sha256:60d0c57de915b6ed91a9a26e3bdefdcaeb1288623c69f291338208c5a227d190"},
    {file = "pyobjc_core-6.2.2-cp38-cp38-macosx_10_9_x86_64.whl", hash = "sha256:be312b7a0edb45dd8ea68e70f2b411b59677d4ceb513c48eace73cb78dbfd85f"},
    {file = "pyobjc_core-6.2.2-cp39-cp39-macosx_10_9_x86_64.whl", hash = "sha256:47a89171d218905dbf13011b1a7d698c246cb66fb5f14119bc0d9e039d0486fa"},
]
pyobjc-framework-cocoa = [
    {file = "pyobjc-framework-Cocoa-6.2.2.tar.gz", hash = "sha256:75821b98fb789d240bea7034c4f96396b2eac3e7b02428b4be9101fc899b7fc3"},
    {file = "pyobjc_framework_Cocoa-6.2.2-cp36-cp36m-macosx_10_9_x86_64.whl", hash = "sha256:779299f73b8b5a1dd0973b3b16bd706e1f67df44edfb3f3ca6e5e873591c0efc"},
    {file = "pyobjc_framework_Cocoa-6.2.2-cp37-cp37m-macosx_10_9_x86_64.whl", hash = "sha256:45e3011efbd8ab4eb4c7ee1f55a8b5ecb41cf66fa797aff0e9454060781645a0"},
    {file = "pyobjc_framework_Cocoa-6.2.2-cp38-cp38-macosx_10_9_x86_64.whl", hash = "sha256:2a5ab2e33cafe577592c31b2663f3b23f6e142fd717c8cf3826394a380cc4353"},
    {file = "pyobjc_framework_Cocoa-6.2.2-cp39-cp39-macosx_10_9_x86_64.whl", hash = "sha256:6f5e1d59f6e1f4be40dedf051925b8d90c561657c9ec2453652af033fe5c2bf0"},
]
python-dateutil = [
    {file = "python-dateutil-2.8.1.tar.gz", hash = "sha256:73ebfe9dbf22e832286dafa60473e4cd239f8592f699aa5adaf10050e6e1823c"},
    {file = "python_dateutil-2.8.1-py2.py3-none-any.whl", hash = "sha256:75bb3f31ea686f1197762692a9ee6a7550b59fc6ca3a1f4b5d7e32fb98e2da2a"},
]
rumps = [
    {file = "rumps-0.3.0-py2-none-any.whl", hash = "sha256:e5ea41ce62312a0f1fa4280fc587bd8b5c6ff7ed0be219752c95f013109d148a"},
    {file = "rumps-0.3.0.tar.gz", hash = "sha256:c8df19347c661cac8906fffd410727c6000f978a6c8c44a2803a1786b35c4c1f"},
]
schedule = []
six = [
    {file = "six-1.15.0-py2.py3-none-any.whl", hash = "sha256:8b74bedcbbbaca38ff6d7491d76f2b06b3592611af620f8426e82dddb04a5ced"},
    {file = "six-1.15.0.tar.gz", hash = "sha256:30639c035cdb23534cd4aa2dd52c3bf48f06e5f4a941509c8bafd8ce11080259"},
]
